
Microsoft Visual Studio Solution File, Format Version 12.00
# Visual Studio 15
VisualStudioVersion = 15.0.28307.136
MinimumVisualStudioVersion = 10.0.40219.1
Project("{FAE04EC0-301F-11D3-BF4B-00C04F79EFBC}") = "DrugaAplikacjaKonsolowa", "DrugaAplikacjaKonsolowa\DrugaAplikacjaKonsolowa.csproj", "{0A989549-2F25-4CDC-A6C6-376E3DE0805C}"
EndProject
Global
	GlobalSection(SolutionConfigurationPlatforms) = preSolution
		Debug|Any CPU = Debug|Any CPU
		Release|Any CPU = Release|Any CPU
	EndGlobalSection
	GlobalSection(ProjectConfigurationPlatforms) = postSolution
		{0A989549-2F25-4CDC-A6C6-376E3DE0805C}.Debug|Any CPU.ActiveCfg = Debug|Any CPU
		{0A989549-2F25-4CDC-A6C6-376E3DE0805C}.Debug|Any CPU.Build.0 = Debug|Any CPU
		{0A989549-2F25-4CDC-A6C6-376E3DE0805C}.Release|Any CPU.ActiveCfg = Release|Any CPU
		{0A989549-2F25-4CDC-A6C6-376E3DE0805C}.Release|Any CPU.Build.0 = Release|Any CPU
	EndGlobalSection
	GlobalSection(SolutionProperties) = preSolution
		HideSolutionNode = FALSE
	EndGlobalSection
	GlobalSection(ExtensibilityGlobals) = postSolution
		SolutionGuid = {43502F06-C962-4F8F-B5AD-B526158B77D1}
	EndGlobalSection
EndGlobal
